{
  "version": 4,
  "terraform_version": "0.15.2",
  "serial": 19,
  "lineage": "8922fccd-1a3e-39ab-8882-a2eb51e1bfef",
  "outputs": {
    "config_map_aws_auth": {
      "value": "\r\n\r\napiVersion: v1\r\nkind: ConfigMap\r\nmetadata:\r\n  name: aws-auth\r\n  namespace: kube-system\r\ndata:\r\n  mapRoles: |\r\n    - rolearn: arn:aws:iam::250911296252:role/terraform-eks-demo-node\r\n      username: system:node:{{EC2PrivateDNSName}}\r\n      groups:\r\n        - system:bootstrappers\r\n        - system:nodes\r\n",
      "type": "string"
    },
    "kubeconfig": {
      "value": "\r\n\r\napiVersion: v1\r\nclusters:\r\n- cluster:\r\n    server: https://81B94ACD90D6C3322EC0A254FF23E75F.gr7.ap-south-1.eks.amazonaws.com\r\n    certificate-authority-data: LS0tLS1CRUdJTiBDRVJUSUZJQ0FURS0tLS0tCk1JSUM1ekNDQWMrZ0F3SUJBZ0lCQURBTkJna3Foa2lHOXcwQkFRc0ZBREFWTVJNd0VRWURWUVFERXdwcmRXSmwKY201bGRHVnpNQjRYRFRJeE1URXlNekUzTXpVMU1Wb1hEVE14TVRFeU1URTNNelUxTVZvd0ZURVRNQkVHQTFVRQpBeE1LYTNWaVpYSnVaWFJsY3pDQ0FTSXdEUVlKS29aSWh2Y05BUUVCQlFBRGdnRVBBRENDQVFvQ2dnRUJBTnVyCkV1MXJRYmlkWDZiZTJCTnhFTCtkUFhCY3pTUDdmSUo2U0Y3VXFKMVJiWWk1eGRTZ2NDUzVlZHpPMmJhcVJjR1cKa29HSG53S1daUkRzbDlNblUvbW02WTVtd0k5eHg5Nnp2Y3R6cFhQcWFQdExYNnFyMDY5em1QT2VyWEtkL3V2WAp2NnhXR0FlK01vYWVJQm9LYjZtOTdnaTZLcEVsNlMyUGlkSlNXaE40Q0pZR3psZjYwc3NXcHpNVjV1SitCSVhDCkhPRnRUYUxIRzNrc1dlcTNvMnRGT09vUWhiNVM1dFFSZy96QjZjOUJuV1V6OVBQS0tSWERPVmhXSW5TVWM1cGgKanJNbUhHTmt0L2NPZ1BjUG9BOW9lSGhZY0RDa1NDWnV1SXZLWlpHeVJHTGZ2b0M0bm8zL2pvdEt3WWpIVmVCdApvVEF2R0FibGVKSVh3ekQ1MmFNQ0F3RUFBYU5DTUVBd0RnWURWUjBQQVFIL0JBUURBZ0trTUE4R0ExVWRFd0VCCi93UUZNQU1CQWY4d0hRWURWUjBPQkJZRUZBZFZwenZoUG83OGVxWDBVblN6a2JnYXJ5aktNQTBHQ1NxR1NJYjMKRFFFQkN3VUFBNElCQVFESVFmUVZEOUdEd2JKZXMzTnVlU09NdTF0bm9JU0RLbXUwRXl5SlVXZmZwMFd2NjB6dwpCQk82T2FISytyS2J5N01CY0RHaDczeWk4d1hpYktnRnMxRHBEY21tNk0wMHNzYklabkhjRW5TSFcwUjl0bk5PCjdLdnd0b28vRmtMTVM1TFM1U2RvWm81TGpvSlpqRU1Ic3FuZ2pXdGl6Yml1eWdwZ1JUZUJlN2NZTVptYkhWWFUKNTZrYnQ0dk9NSDQ2cTJGZGNzTUV1dSsrOS9qS0JrVm9DckVJbHhLOHBQNmc3Qm5BbnN1NXdXMW5ncENhdnROcwpIRHBBbzVKR2FvZlA4aTF3WlNzY05IZ25mQVZUbnowOFNDdUs1TFpLNUdva1dTYWdPNjRWQ1JqdzJaYW9hV2FCCk02T3VqODVhemNpbVc5UFZYNDJhZEZjNU41V3lEMmRoUkZYZwotLS0tLUVORCBDRVJUSUZJQ0FURS0tLS0tCg==\r\n  name: kubernetes\r\ncontexts:\r\n- context:\r\n    cluster: kubernetes\r\n    user: aws\r\n  name: aws\r\ncurrent-context: aws\r\nkind: Config\r\npreferences: {}\r\nusers:\r\n- name: aws\r\n  user:\r\n    exec:\r\n      apiVersion: client.authentication.k8s.io/v1alpha1\r\n      command: aws-iam-authenticator\r\n      args:\r\n        - \"token\"\r\n        - \"-i\"\r\n        - \"terraform-eks-demo1\"\r\n",
      "type": "string"
    }
  },
  "resources": [
    {
      "mode": "data",
      "type": "aws_availability_zones",
      "name": "available",
      "provider": "provider[\"registry.terraform.io/hashicorp/aws\"]",
      "instances": [
        {
          "schema_version": 0,
          "attributes": {
            "all_availability_zones": null,
            "exclude_names": null,
            "exclude_zone_ids": null,
            "filter": null,
            "group_names": [
              "ap-south-1"
            ],
            "id": "ap-south-1",
            "names": [
              "ap-south-1a",
              "ap-south-1b",
              "ap-south-1c"
            ],
            "state": null,
            "zone_ids": [
              "aps1-az1",
              "aps1-az3",
              "aps1-az2"
            ]
          },
          "sensitive_attributes": []
        }
      ]
    },
    {
      "mode": "data",
      "type": "http",
      "name": "workstation-external-ip",
      "provider": "provider[\"registry.terraform.io/hashicorp/http\"]",
      "instances": [
        {
          "schema_version": 0,
          "attributes": {
            "body": "47.31.210.180\n",
            "id": "http://ipv4.icanhazip.com",
            "request_headers": null,
            "response_headers": {
              "Access-Control-Allow-Methods": "GET",
              "Access-Control-Allow-Origin": "*",
              "Alt-Svc": "h3=\":443\"; ma=86400, h3-29=\":443\"; ma=86400, h3-28=\":443\"; ma=86400, h3-27=\":443\"; ma=86400",
              "Cf-Ray": "6b2c1ef7ef4533e4-DEL",
              "Connection": "keep-alive",
              "Content-Length": "14",
              "Content-Type": "text/plain",
              "Date": "Tue, 23 Nov 2021 17:29:39 GMT",
              "Server": "cloudflare",
              "Set-Cookie": "__cf_bm=Qa13_YXX86Wwmw5hlIoNjJJIaz2umC.9OwxVN9Bv50U-1637688579-0-AcdQDnNvO5jmijJ2t3u5sh0EPStn9R03LXgC2D0+0LoF7jyd1MkHXvu00CEHFG54s20xf5uZkrbOv1I6IgOVbGQ=; path=/; expires=Tue, 23-Nov-21 17:59:39 GMT; domain=.icanhazip.com; HttpOnly; SameSite=None",
              "Vary": "Accept-Encoding"
            },
            "url": "http://ipv4.icanhazip.com"
          },
          "sensitive_attributes": []
        }
      ]
    },
    {
      "mode": "managed",
      "type": "aws_eks_cluster",
      "name": "demo",
      "provider": "provider[\"registry.terraform.io/hashicorp/aws\"]",
      "instances": [
        {
          "schema_version": 0,
          "attributes": {
            "arn": "arn:aws:eks:ap-south-1:250911296252:cluster/terraform-eks-demo1",
            "certificate_authority": [
              {
                "data": "LS0tLS1CRUdJTiBDRVJUSUZJQ0FURS0tLS0tCk1JSUM1ekNDQWMrZ0F3SUJBZ0lCQURBTkJna3Foa2lHOXcwQkFRc0ZBREFWTVJNd0VRWURWUVFERXdwcmRXSmwKY201bGRHVnpNQjRYRFRJeE1URXlNekUzTXpVMU1Wb1hEVE14TVRFeU1URTNNelUxTVZvd0ZURVRNQkVHQTFVRQpBeE1LYTNWaVpYSnVaWFJsY3pDQ0FTSXdEUVlKS29aSWh2Y05BUUVCQlFBRGdnRVBBRENDQVFvQ2dnRUJBTnVyCkV1MXJRYmlkWDZiZTJCTnhFTCtkUFhCY3pTUDdmSUo2U0Y3VXFKMVJiWWk1eGRTZ2NDUzVlZHpPMmJhcVJjR1cKa29HSG53S1daUkRzbDlNblUvbW02WTVtd0k5eHg5Nnp2Y3R6cFhQcWFQdExYNnFyMDY5em1QT2VyWEtkL3V2WAp2NnhXR0FlK01vYWVJQm9LYjZtOTdnaTZLcEVsNlMyUGlkSlNXaE40Q0pZR3psZjYwc3NXcHpNVjV1SitCSVhDCkhPRnRUYUxIRzNrc1dlcTNvMnRGT09vUWhiNVM1dFFSZy96QjZjOUJuV1V6OVBQS0tSWERPVmhXSW5TVWM1cGgKanJNbUhHTmt0L2NPZ1BjUG9BOW9lSGhZY0RDa1NDWnV1SXZLWlpHeVJHTGZ2b0M0bm8zL2pvdEt3WWpIVmVCdApvVEF2R0FibGVKSVh3ekQ1MmFNQ0F3RUFBYU5DTUVBd0RnWURWUjBQQVFIL0JBUURBZ0trTUE4R0ExVWRFd0VCCi93UUZNQU1CQWY4d0hRWURWUjBPQkJZRUZBZFZwenZoUG83OGVxWDBVblN6a2JnYXJ5aktNQTBHQ1NxR1NJYjMKRFFFQkN3VUFBNElCQVFESVFmUVZEOUdEd2JKZXMzTnVlU09NdTF0bm9JU0RLbXUwRXl5SlVXZmZwMFd2NjB6dwpCQk82T2FISytyS2J5N01CY0RHaDczeWk4d1hpYktnRnMxRHBEY21tNk0wMHNzYklabkhjRW5TSFcwUjl0bk5PCjdLdnd0b28vRmtMTVM1TFM1U2RvWm81TGpvSlpqRU1Ic3FuZ2pXdGl6Yml1eWdwZ1JUZUJlN2NZTVptYkhWWFUKNTZrYnQ0dk9NSDQ2cTJGZGNzTUV1dSsrOS9qS0JrVm9DckVJbHhLOHBQNmc3Qm5BbnN1NXdXMW5ncENhdnROcwpIRHBBbzVKR2FvZlA4aTF3WlNzY05IZ25mQVZUbnowOFNDdUs1TFpLNUdva1dTYWdPNjRWQ1JqdzJaYW9hV2FCCk02T3VqODVhemNpbVc5UFZYNDJhZEZjNU41V3lEMmRoUkZYZwotLS0tLUVORCBDRVJUSUZJQ0FURS0tLS0tCg=="
              }
            ],
            "created_at": "2021-11-23 17:30:14.654 +0000 UTC",
            "enabled_cluster_log_types": null,
            "encryption_config": [],
            "endpoint": "https://81B94ACD90D6C3322EC0A254FF23E75F.gr7.ap-south-1.eks.amazonaws.com",
            "id": "terraform-eks-demo1",
            "identity": [
              {
                "oidc": [
                  {
                    "issuer": "https://oidc.eks.ap-south-1.amazonaws.com/id/81B94ACD90D6C3322EC0A254FF23E75F"
                  }
                ]
              }
            ],
            "kubernetes_network_config": [
              {
                "service_ipv4_cidr": "172.20.0.0/16"
              }
            ],
            "name": "terraform-eks-demo1",
            "platform_version": "eks.3",
            "role_arn": "arn:aws:iam::250911296252:role/terraform-eks-demo-cluster",
            "status": "ACTIVE",
            "tags": null,
            "tags_all": {},
            "timeouts": null,
            "version": "1.21",
            "vpc_config": [
              {
                "cluster_security_group_id": "sg-068d1a6bbe66c51b0",
                "endpoint_private_access": false,
                "endpoint_public_access": true,
                "public_access_cidrs": [
                  "0.0.0.0/0"
                ],
                "security_group_ids": [
                  "sg-0ea1fd34a154d7c53"
                ],
                "subnet_ids": [
                  "subnet-049f5a2ee1463bc89",
                  "subnet-089f6ce38476c8d1d"
                ],
                "vpc_id": "vpc-0d8c39b1bcc499d6b"
              }
            ]
          },
          "sensitive_attributes": [],
          "private": "eyJlMmJmYjczMC1lY2FhLTExZTYtOGY4OC0zNDM2M2JjN2M0YzAiOnsiY3JlYXRlIjoxODAwMDAwMDAwMDAwLCJkZWxldGUiOjkwMDAwMDAwMDAwMCwidXBkYXRlIjozNjAwMDAwMDAwMDAwfX0=",
          "dependencies": [
            "aws_iam_role.demo-cluster",
            "aws_iam_role_policy_attachment.demo-cluster-AmazonEKSClusterPolicy",
            "aws_iam_role_policy_attachment.demo-cluster-AmazonEKSVPCResourceController",
            "aws_security_group.demo-cluster",
            "aws_subnet.demo",
            "aws_vpc.demo",
            "data.aws_availability_zones.available"
          ]
        }
      ]
    },
    {
      "mode": "managed",
      "type": "aws_eks_node_group",
      "name": "demo",
      "provider": "provider[\"registry.terraform.io/hashicorp/aws\"]",
      "instances": [
        {
          "schema_version": 0,
          "attributes": {
            "ami_type": "AL2_x86_64",
            "arn": "arn:aws:eks:ap-south-1:250911296252:nodegroup/terraform-eks-demo1/demo/0cbea6f0-e034-e3a5-738c-ace301cd1b14",
            "capacity_type": "ON_DEMAND",
            "cluster_name": "terraform-eks-demo1",
            "disk_size": 20,
            "force_update_version": null,
            "id": "terraform-eks-demo1:demo",
            "instance_types": [
              "t3.medium"
            ],
            "labels": null,
            "launch_template": [],
            "node_group_name": "demo",
            "node_group_name_prefix": "",
            "node_role_arn": "arn:aws:iam::250911296252:role/terraform-eks-demo-node",
            "release_version": "1.21.5-20211117",
            "remote_access": [],
            "resources": [
              {
                "autoscaling_groups": [
                  {
                    "name": "eks-demo-0cbea6f0-e034-e3a5-738c-ace301cd1b14"
                  }
                ],
                "remote_access_security_group_id": ""
              }
            ],
            "scaling_config": [
              {
                "desired_size": 1,
                "max_size": 1,
                "min_size": 1
              }
            ],
            "status": "ACTIVE",
            "subnet_ids": [
              "subnet-049f5a2ee1463bc89",
              "subnet-089f6ce38476c8d1d"
            ],
            "tags": null,
            "tags_all": {},
            "taint": [],
            "timeouts": null,
            "update_config": [
              {
                "max_unavailable": 1,
                "max_unavailable_percentage": 0
              }
            ],
            "version": "1.21"
          },
          "sensitive_attributes": [],
          "private": "eyJlMmJmYjczMC1lY2FhLTExZTYtOGY4OC0zNDM2M2JjN2M0YzAiOnsiY3JlYXRlIjozNjAwMDAwMDAwMDAwLCJkZWxldGUiOjM2MDAwMDAwMDAwMDAsInVwZGF0ZSI6MzYwMDAwMDAwMDAwMH19",
          "dependencies": [
            "aws_eks_cluster.demo",
            "aws_iam_role.demo-cluster",
            "aws_iam_role.demo-node",
            "aws_iam_role_policy_attachment.demo-cluster-AmazonEKSClusterPolicy",
            "aws_iam_role_policy_attachment.demo-cluster-AmazonEKSVPCResourceController",
            "aws_iam_role_policy_attachment.demo-node-AmazonEC2ContainerRegistryReadOnly",
            "aws_iam_role_policy_attachment.demo-node-AmazonEKSWorkerNodePolicy",
            "aws_iam_role_policy_attachment.demo-node-AmazonEKS_CNI_Policy",
            "aws_security_group.demo-cluster",
            "aws_subnet.demo",
            "aws_vpc.demo",
            "data.aws_availability_zones.available"
          ]
        }
      ]
    },
    {
      "mode": "managed",
      "type": "aws_iam_role",
      "name": "demo-cluster",
      "provider": "provider[\"registry.terraform.io/hashicorp/aws\"]",
      "instances": [
        {
          "schema_version": 0,
          "attributes": {
            "arn": "arn:aws:iam::250911296252:role/terraform-eks-demo-cluster",
            "assume_role_policy": "{\"Version\":\"2012-10-17\",\"Statement\":[{\"Effect\":\"Allow\",\"Principal\":{\"Service\":\"eks.amazonaws.com\"},\"Action\":\"sts:AssumeRole\"}]}",
            "create_date": "2021-11-23T17:29:57Z",
            "description": "",
            "force_detach_policies": false,
            "id": "terraform-eks-demo-cluster",
            "inline_policy": [
              {
                "name": "",
                "policy": ""
              }
            ],
            "managed_policy_arns": [],
            "max_session_duration": 3600,
            "name": "terraform-eks-demo-cluster",
            "name_prefix": "",
            "path": "/",
            "permissions_boundary": null,
            "tags": null,
            "tags_all": {},
            "unique_id": "AROATU232RL6HO7GGUAWY"
          },
          "sensitive_attributes": [],
          "private": "bnVsbA=="
        }
      ]
    },
    {
      "mode": "managed",
      "type": "aws_iam_role",
      "name": "demo-node",
      "provider": "provider[\"registry.terraform.io/hashicorp/aws\"]",
      "instances": [
        {
          "schema_version": 0,
          "attributes": {
            "arn": "arn:aws:iam::250911296252:role/terraform-eks-demo-node",
            "assume_role_policy": "{\"Version\":\"2012-10-17\",\"Statement\":[{\"Effect\":\"Allow\",\"Principal\":{\"Service\":\"ec2.amazonaws.com\"},\"Action\":\"sts:AssumeRole\"}]}",
            "create_date": "2021-11-23T17:29:56Z",
            "description": "",
            "force_detach_policies": false,
            "id": "terraform-eks-demo-node",
            "inline_policy": [
              {
                "name": "",
                "policy": ""
              }
            ],
            "managed_policy_arns": [],
            "max_session_duration": 3600,
            "name": "terraform-eks-demo-node",
            "name_prefix": "",
            "path": "/",
            "permissions_boundary": null,
            "tags": null,
            "tags_all": {},
            "unique_id": "AROATU232RL6BVNKMOPEA"
          },
          "sensitive_attributes": [],
          "private": "bnVsbA=="
        }
      ]
    },
    {
      "mode": "managed",
      "type": "aws_iam_role_policy_attachment",
      "name": "demo-cluster-AmazonEKSClusterPolicy",
      "provider": "provider[\"registry.terraform.io/hashicorp/aws\"]",
      "instances": [
        {
          "schema_version": 0,
          "attributes": {
            "id": "terraform-eks-demo-cluster-20211123173001998700000001",
            "policy_arn": "arn:aws:iam::aws:policy/AmazonEKSClusterPolicy",
            "role": "terraform-eks-demo-cluster"
          },
          "sensitive_attributes": [],
          "private": "bnVsbA==",
          "dependencies": [
            "aws_iam_role.demo-cluster"
          ]
        }
      ]
    },
    {
      "mode": "managed",
      "type": "aws_iam_role_policy_attachment",
      "name": "demo-cluster-AmazonEKSVPCResourceController",
      "provider": "provider[\"registry.terraform.io/hashicorp/aws\"]",
      "instances": [
        {
          "schema_version": 0,
          "attributes": {
            "id": "terraform-eks-demo-cluster-20211123173002018100000002",
            "policy_arn": "arn:aws:iam::aws:policy/AmazonEKSVPCResourceController",
            "role": "terraform-eks-demo-cluster"
          },
          "sensitive_attributes": [],
          "private": "bnVsbA==",
          "dependencies": [
            "aws_iam_role.demo-cluster"
          ]
        }
      ]
    },
    {
      "mode": "managed",
      "type": "aws_iam_role_policy_attachment",
      "name": "demo-node-AmazonEC2ContainerRegistryReadOnly",
      "provider": "provider[\"registry.terraform.io/hashicorp/aws\"]",
      "instances": [
        {
          "schema_version": 0,
          "attributes": {
            "id": "terraform-eks-demo-node-20211123173002101300000004",
            "policy_arn": "arn:aws:iam::aws:policy/AmazonEC2ContainerRegistryReadOnly",
            "role": "terraform-eks-demo-node"
          },
          "sensitive_attributes": [],
          "private": "bnVsbA==",
          "dependencies": [
            "aws_iam_role.demo-node"
          ]
        }
      ]
    },
    {
      "mode": "managed",
      "type": "aws_iam_role_policy_attachment",
      "name": "demo-node-AmazonEKSWorkerNodePolicy",
      "provider": "provider[\"registry.terraform.io/hashicorp/aws\"]",
      "instances": [
        {
          "schema_version": 0,
          "attributes": {
            "id": "terraform-eks-demo-node-20211123173002078900000003",
            "policy_arn": "arn:aws:iam::aws:policy/AmazonEKSWorkerNodePolicy",
            "role": "terraform-eks-demo-node"
          },
          "sensitive_attributes": [],
          "private": "bnVsbA==",
          "dependencies": [
            "aws_iam_role.demo-node"
          ]
        }
      ]
    },
    {
      "mode": "managed",
      "type": "aws_iam_role_policy_attachment",
      "name": "demo-node-AmazonEKS_CNI_Policy",
      "provider": "provider[\"registry.terraform.io/hashicorp/aws\"]",
      "instances": [
        {
          "schema_version": 0,
          "attributes": {
            "id": "terraform-eks-demo-node-20211123173002174200000005",
            "policy_arn": "arn:aws:iam::aws:policy/AmazonEKS_CNI_Policy",
            "role": "terraform-eks-demo-node"
          },
          "sensitive_attributes": [],
          "private": "bnVsbA==",
          "dependencies": [
            "aws_iam_role.demo-node"
          ]
        }
      ]
    },
    {
      "mode": "managed",
      "type": "aws_internet_gateway",
      "name": "demo",
      "provider": "provider[\"registry.terraform.io/hashicorp/aws\"]",
      "instances": [
        {
          "schema_version": 0,
          "attributes": {
            "arn": "arn:aws:ec2:ap-south-1:250911296252:internet-gateway/igw-0068956fbe557b101",
            "id": "igw-0068956fbe557b101",
            "owner_id": "250911296252",
            "tags": {
              "Name": "terraform-eks-demo"
            },
            "tags_all": {
              "Name": "terraform-eks-demo"
            },
            "vpc_id": "vpc-0d8c39b1bcc499d6b"
          },
          "sensitive_attributes": [],
          "private": "bnVsbA==",
          "dependencies": [
            "aws_vpc.demo"
          ]
        }
      ]
    },
    {
      "mode": "managed",
      "type": "aws_route_table",
      "name": "demo",
      "provider": "provider[\"registry.terraform.io/hashicorp/aws\"]",
      "instances": [
        {
          "schema_version": 0,
          "attributes": {
            "arn": "arn:aws:ec2:ap-south-1:250911296252:route-table/rtb-0f8b476c488a576aa",
            "id": "rtb-0f8b476c488a576aa",
            "owner_id": "250911296252",
            "propagating_vgws": [],
            "route": [
              {
                "carrier_gateway_id": "",
                "cidr_block": "0.0.0.0/0",
                "destination_prefix_list_id": "",
                "egress_only_gateway_id": "",
                "gateway_id": "igw-0068956fbe557b101",
                "instance_id": "",
                "ipv6_cidr_block": "",
                "local_gateway_id": "",
                "nat_gateway_id": "",
                "network_interface_id": "",
                "transit_gateway_id": "",
                "vpc_endpoint_id": "",
                "vpc_peering_connection_id": ""
              }
            ],
            "tags": null,
            "tags_all": {},
            "timeouts": null,
            "vpc_id": "vpc-0d8c39b1bcc499d6b"
          },
          "sensitive_attributes": [],
          "private": "eyJlMmJmYjczMC1lY2FhLTExZTYtOGY4OC0zNDM2M2JjN2M0YzAiOnsiY3JlYXRlIjoxMjAwMDAwMDAwMDAsImRlbGV0ZSI6MzAwMDAwMDAwMDAwLCJ1cGRhdGUiOjEyMDAwMDAwMDAwMH19",
          "dependencies": [
            "aws_internet_gateway.demo",
            "aws_vpc.demo"
          ]
        }
      ]
    },
    {
      "mode": "managed",
      "type": "aws_route_table_association",
      "name": "demo",
      "provider": "provider[\"registry.terraform.io/hashicorp/aws\"]",
      "instances": [
        {
          "index_key": 0,
          "schema_version": 0,
          "attributes": {
            "gateway_id": "",
            "id": "rtbassoc-06debb96f72bd8269",
            "route_table_id": "rtb-0f8b476c488a576aa",
            "subnet_id": "subnet-049f5a2ee1463bc89"
          },
          "sensitive_attributes": [],
          "private": "bnVsbA==",
          "dependencies": [
            "aws_internet_gateway.demo",
            "aws_route_table.demo",
            "aws_subnet.demo",
            "aws_vpc.demo",
            "data.aws_availability_zones.available"
          ]
        },
        {
          "index_key": 1,
          "schema_version": 0,
          "attributes": {
            "gateway_id": "",
            "id": "rtbassoc-0a6ecfae82dd44d74",
            "route_table_id": "rtb-0f8b476c488a576aa",
            "subnet_id": "subnet-089f6ce38476c8d1d"
          },
          "sensitive_attributes": [],
          "private": "bnVsbA==",
          "dependencies": [
            "aws_internet_gateway.demo",
            "aws_route_table.demo",
            "aws_subnet.demo",
            "aws_vpc.demo",
            "data.aws_availability_zones.available"
          ]
        }
      ]
    },
    {
      "mode": "managed",
      "type": "aws_security_group",
      "name": "demo-cluster",
      "provider": "provider[\"registry.terraform.io/hashicorp/aws\"]",
      "instances": [
        {
          "schema_version": 1,
          "attributes": {
            "arn": "arn:aws:ec2:ap-south-1:250911296252:security-group/sg-0ea1fd34a154d7c53",
            "description": "Cluster communication with worker nodes",
            "egress": [
              {
                "cidr_blocks": [
                  "0.0.0.0/0"
                ],
                "description": "",
                "from_port": 0,
                "ipv6_cidr_blocks": [],
                "prefix_list_ids": [],
                "protocol": "-1",
                "security_groups": [],
                "self": false,
                "to_port": 0
              }
            ],
            "id": "sg-0ea1fd34a154d7c53",
            "ingress": [],
            "name": "terraform-eks-demo-cluster",
            "name_prefix": "",
            "owner_id": "250911296252",
            "revoke_rules_on_delete": false,
            "tags": {
              "Name": "terraform-eks-demo"
            },
            "tags_all": {
              "Name": "terraform-eks-demo"
            },
            "timeouts": null,
            "vpc_id": "vpc-0d8c39b1bcc499d6b"
          },
          "sensitive_attributes": [],
          "private": "eyJlMmJmYjczMC1lY2FhLTExZTYtOGY4OC0zNDM2M2JjN2M0YzAiOnsiY3JlYXRlIjo2MDAwMDAwMDAwMDAsImRlbGV0ZSI6OTAwMDAwMDAwMDAwfSwic2NoZW1hX3ZlcnNpb24iOiIxIn0=",
          "dependencies": [
            "aws_vpc.demo"
          ]
        }
      ]
    },
    {
      "mode": "managed",
      "type": "aws_security_group_rule",
      "name": "demo-cluster-ingress-workstation-https",
      "provider": "provider[\"registry.terraform.io/hashicorp/aws\"]",
      "instances": [
        {
          "schema_version": 2,
          "attributes": {
            "cidr_blocks": [
              "47.31.210.180/32"
            ],
            "description": "Allow workstation to communicate with the cluster API Server",
            "from_port": 443,
            "id": "sgrule-3483764685",
            "ipv6_cidr_blocks": null,
            "prefix_list_ids": null,
            "protocol": "tcp",
            "security_group_id": "sg-0ea1fd34a154d7c53",
            "self": false,
            "source_security_group_id": null,
            "to_port": 443,
            "type": "ingress"
          },
          "sensitive_attributes": [],
          "private": "eyJzY2hlbWFfdmVyc2lvbiI6IjIifQ==",
          "dependencies": [
            "aws_security_group.demo-cluster",
            "aws_vpc.demo",
            "data.http.workstation-external-ip"
          ]
        }
      ]
    },
    {
      "mode": "managed",
      "type": "aws_subnet",
      "name": "demo",
      "provider": "provider[\"registry.terraform.io/hashicorp/aws\"]",
      "instances": [
        {
          "index_key": 0,
          "schema_version": 1,
          "attributes": {
            "arn": "arn:aws:ec2:ap-south-1:250911296252:subnet/subnet-049f5a2ee1463bc89",
            "assign_ipv6_address_on_creation": false,
            "availability_zone": "ap-south-1a",
            "availability_zone_id": "aps1-az1",
            "cidr_block": "10.0.0.0/24",
            "customer_owned_ipv4_pool": "",
            "id": "subnet-049f5a2ee1463bc89",
            "ipv6_cidr_block": "",
            "ipv6_cidr_block_association_id": "",
            "map_customer_owned_ip_on_launch": false,
            "map_public_ip_on_launch": true,
            "outpost_arn": "",
            "owner_id": "250911296252",
            "tags": {
              "Name": "terraform-eks-demo-node",
              "kubernetes.io/cluster/terraform-eks-demo1": "shared"
            },
            "tags_all": {
              "Name": "terraform-eks-demo-node",
              "kubernetes.io/cluster/terraform-eks-demo1": "shared"
            },
            "timeouts": null,
            "vpc_id": "vpc-0d8c39b1bcc499d6b"
          },
          "sensitive_attributes": [],
          "private": "eyJlMmJmYjczMC1lY2FhLTExZTYtOGY4OC0zNDM2M2JjN2M0YzAiOnsiY3JlYXRlIjo2MDAwMDAwMDAwMDAsImRlbGV0ZSI6MTIwMDAwMDAwMDAwMH0sInNjaGVtYV92ZXJzaW9uIjoiMSJ9",
          "dependencies": [
            "aws_vpc.demo",
            "data.aws_availability_zones.available"
          ]
        },
        {
          "index_key": 1,
          "schema_version": 1,
          "attributes": {
            "arn": "arn:aws:ec2:ap-south-1:250911296252:subnet/subnet-089f6ce38476c8d1d",
            "assign_ipv6_address_on_creation": false,
            "availability_zone": "ap-south-1b",
            "availability_zone_id": "aps1-az3",
            "cidr_block": "10.0.1.0/24",
            "customer_owned_ipv4_pool": "",
            "id": "subnet-089f6ce38476c8d1d",
            "ipv6_cidr_block": "",
            "ipv6_cidr_block_association_id": "",
            "map_customer_owned_ip_on_launch": false,
            "map_public_ip_on_launch": true,
            "outpost_arn": "",
            "owner_id": "250911296252",
            "tags": {
              "Name": "terraform-eks-demo-node",
              "kubernetes.io/cluster/terraform-eks-demo1": "shared"
            },
            "tags_all": {
              "Name": "terraform-eks-demo-node",
              "kubernetes.io/cluster/terraform-eks-demo1": "shared"
            },
            "timeouts": null,
            "vpc_id": "vpc-0d8c39b1bcc499d6b"
          },
          "sensitive_attributes": [],
          "private": "eyJlMmJmYjczMC1lY2FhLTExZTYtOGY4OC0zNDM2M2JjN2M0YzAiOnsiY3JlYXRlIjo2MDAwMDAwMDAwMDAsImRlbGV0ZSI6MTIwMDAwMDAwMDAwMH0sInNjaGVtYV92ZXJzaW9uIjoiMSJ9",
          "dependencies": [
            "aws_vpc.demo",
            "data.aws_availability_zones.available"
          ]
        }
      ]
    },
    {
      "mode": "managed",
      "type": "aws_vpc",
      "name": "demo",
      "provider": "provider[\"registry.terraform.io/hashicorp/aws\"]",
      "instances": [
        {
          "schema_version": 1,
          "attributes": {
            "arn": "arn:aws:ec2:ap-south-1:250911296252:vpc/vpc-0d8c39b1bcc499d6b",
            "assign_generated_ipv6_cidr_block": false,
            "cidr_block": "10.0.0.0/16",
            "default_network_acl_id": "acl-0dcc3ad55dfec9911",
            "default_route_table_id": "rtb-01677c085cc546038",
            "default_security_group_id": "sg-0e5c8712b731879b5",
            "dhcp_options_id": "dopt-5b8f2630",
            "enable_classiclink": null,
            "enable_classiclink_dns_support": null,
            "enable_dns_hostnames": false,
            "enable_dns_support": true,
            "id": "vpc-0d8c39b1bcc499d6b",
            "instance_tenancy": "default",
            "ipv6_association_id": "",
            "ipv6_cidr_block": "",
            "main_route_table_id": "rtb-01677c085cc546038",
            "owner_id": "250911296252",
            "tags": {
              "Name": "terraform-eks-demo-node",
              "kubernetes.io/cluster/terraform-eks-demo1": "shared"
            },
            "tags_all": {
              "Name": "terraform-eks-demo-node",
              "kubernetes.io/cluster/terraform-eks-demo1": "shared"
            }
          },
          "sensitive_attributes": [],
          "private": "eyJzY2hlbWFfdmVyc2lvbiI6IjEifQ=="
        }
      ]
    }
  ]
}
